Microsoft Visual Studio Solution File, Format Version 12.00
# Visual Studio 15
Project("{2150E333-8FDC-42A3-9474-1A3956D46DE8}") = "CMakePredefinedTargets", "CMakePredefinedTargets", "{9465A456-EF3A-3225-90FE-381C9CA0CA29}"
EndProject
Project("{2150E333-8FDC-42A3-9474-1A3956D46DE8}") = "GLFW3", "GLFW3", "{0C241C9B-D9C3-332F-8075-50302109F3B8}"
EndProject
Project("{2150E333-8FDC-42A3-9474-1A3956D46DE8}") = "Examples", "GLFW3\Examples", "{C4A37EED-C068-33BB-9611-7A7DC56DA280}"
EndProject
Project("{2150E333-8FDC-42A3-9474-1A3956D46DE8}") = "Tests", "GLFW3\Tests", "{ABEA9EA8-1C66-35B4-B6B0-E8EE38E98284}"
EndProject
Project("{8BC9CEB8-8B4A-11D0-8D11-00A0C91BC942}") = "ALL_BUILD", "ALL_BUILD.vcxproj", "{88A7825C-F418-33BC-B8AE-425CB8722A0D}"
	ProjectSection(ProjectDependencies) = postProject
		{8EEA8946-11D2-3A84-A32A-3D78F6DC4FFC} = {8EEA8946-11D2-3A84-A32A-3D78F6DC4FFC}
		{71DAA1D1-3D80-3D7E-BC80-015954EEAFB8} = {71DAA1D1-3D80-3D7E-BC80-015954EEAFB8}
		{76A28CE6-F191-3D56-9B2A-C8CE2D12A2AE} = {76A28CE6-F191-3D56-9B2A-C8CE2D12A2AE}
		{8CE26A44-CAE1-3742-BA30-89C53D83ED72} = {8CE26A44-CAE1-3742-BA30-89C53D83ED72}
		{68446DCB-BBB9-3818-A0FF-A215417E0856} = {68446DCB-BBB9-3818-A0FF-A215417E0856}
		{1F54FD57-EE5A-3467-BEAC-A63E05ADF20A} = {1F54FD57-EE5A-3467-BEAC-A63E05ADF20A}
		{1F6231EE-1165-30CF-B291-C04DE1AE0BBF} = {1F6231EE-1165-30CF-B291-C04DE1AE0BBF}
		{219EA2C3-92C4-3D5D-8365-B0ECC72FF2EB} = {219EA2C3-92C4-3D5D-8365-B0ECC72FF2EB}
		{9BA43076-D83B-3266-ABF0-8B1FC7FF7C33} = {9BA43076-D83B-3266-ABF0-8B1FC7FF7C33}
		{8484087E-9AB4-3312-8C38-760BB4185FC6} = {8484087E-9AB4-3312-8C38-760BB4185FC6}
		{36BA6ABC-021B-38F5-9EC4-8440693CB68B} = {36BA6ABC-021B-38F5-9EC4-8440693CB68B}
		{449ABDDC-6BF2-3B16-BCA7-328849260BFD} = {449ABDDC-6BF2-3B16-BCA7-328849260BFD}
		{201E4BDF-7960-342F-B74A-750BA34486A5} = {201E4BDF-7960-342F-B74A-750BA34486A5}
		{D9C5FCDF-504E-3383-81B8-36DBA1D427BF} = {D9C5FCDF-504E-3383-81B8-36DBA1D427BF}
		{AB75997C-CC55-3938-98D7-59C5522ACBF6} = {AB75997C-CC55-3938-98D7-59C5522ACBF6}
		{3541E91D-AA72-3B7B-8635-EFDD7E6EC597} = {3541E91D-AA72-3B7B-8635-EFDD7E6EC597}
		{A6808976-DEC9-37E0-BDE4-493BAE292688} = {A6808976-DEC9-37E0-BDE4-493BAE292688}
		{0246BC7A-DBDD-39CB-A421-D87C52A3C4C7} = {0246BC7A-DBDD-39CB-A421-D87C52A3C4C7}
		{38489B2D-20A8-33F6-BF73-09BDA54B1C2E} = {38489B2D-20A8-33F6-BF73-09BDA54B1C2E}
		{DD7A6C1F-0CAA-3761-9764-72381AAB7CDE} = {DD7A6C1F-0CAA-3761-9764-72381AAB7CDE}
		{7513F65A-736B-3A86-9738-53780C9E04E5} = {7513F65A-736B-3A86-9738-53780C9E04E5}
		{45E53930-A8F4-3573-A620-E51E01B66617} = {45E53930-A8F4-3573-A620-E51E01B66617}
		{3E3D1B5E-AE9D-319E-AF93-C4D239B02A90} = {3E3D1B5E-AE9D-319E-AF93-C4D239B02A90}
		{F0006C5C-4952-396A-9296-249079963458} = {F0006C5C-4952-396A-9296-249079963458}
		{3530ADCA-6E66-3F2E-84C6-C2B2EB00BF7D} = {3530ADCA-6E66-3F2E-84C6-C2B2EB00BF7D}
		{7431A3E0-FCEB-3BA0-83CC-2208703BF7AE} = {7431A3E0-FCEB-3BA0-83CC-2208703BF7AE}
		{8EE8B450-1E35-310B-A888-63D32203F194} = {8EE8B450-1E35-310B-A888-63D32203F194}
		{64BA65C3-5DC4-35BD-90E0-63AE599309EB} = {64BA65C3-5DC4-35BD-90E0-63AE599309EB}
		{CF133B96-D752-338E-8FE9-959AACAC9DDC} = {CF133B96-D752-338E-8FE9-959AACAC9DDC}
		{B0DE792F-7839-3CE8-9EC1-778C6C5C2894} = {B0DE792F-7839-3CE8-9EC1-778C6C5C2894}
		{FDF0C1D9-BA41-3C06-873F-DB84377E40B9} = {FDF0C1D9-BA41-3C06-873F-DB84377E40B9}
	EndProjectSection
EndProject
Project("{8BC9CEB8-8B4A-11D0-8D11-00A0C91BC942}") = "INSTALL", "INSTALL.vcxproj", "{D30E4931-ECD2-3122-9175-EE5D755BAD82}"
	ProjectSection(ProjectDependencies) = postProject
		{88A7825C-F418-33BC-B8AE-425CB8722A0D} = {88A7825C-F418-33BC-B8AE-425CB8722A0D}
		{8EEA8946-11D2-3A84-A32A-3D78F6DC4FFC} = {8EEA8946-11D2-3A84-A32A-3D78F6DC4FFC}
	EndProjectSection
EndProject
Project("{8BC9CEB8-8B4A-11D0-8D11-00A0C91BC942}") = "ZERO_CHECK", "ZERO_CHECK.vcxproj", "{8EEA8946-11D2-3A84-A32A-3D78F6DC4FFC}"
	ProjectSection(ProjectDependencies) = postProject
	EndProjectSection
EndProject
Project("{8BC9CEB8-8B4A-11D0-8D11-00A0C91BC942}") = "boing", "examples\boing.vcxproj", "{71DAA1D1-3D80-3D7E-BC80-015954EEAFB8}"
	ProjectSection(ProjectDependencies) = postProject
		{8EEA8946-11D2-3A84-A32A-3D78F6DC4FFC} = {8EEA8946-11D2-3A84-A32A-3D78F6DC4FFC}
		{9BA43076-D83B-3266-ABF0-8B1FC7FF7C33} = {9BA43076-D83B-3266-ABF0-8B1FC7FF7C33}
	EndProjectSection
EndProject
Project("{8BC9CEB8-8B4A-11D0-8D11-00A0C91BC942}") = "clipboard", "tests\clipboard.vcxproj", "{76A28CE6-F191-3D56-9B2A-C8CE2D12A2AE}"
	ProjectSection(ProjectDependencies) = postProject
		{8EEA8946-11D2-3A84-A32A-3D78F6DC4FFC} = {8EEA8946-11D2-3A84-A32A-3D78F6DC4FFC}
		{9BA43076-D83B-3266-ABF0-8B1FC7FF7C33} = {9BA43076-D83B-3266-ABF0-8B1FC7FF7C33}
	EndProjectSection
EndProject
Project("{8BC9CEB8-8B4A-11D0-8D11-00A0C91BC942}") = "cursor", "tests\cursor.vcxproj", "{8CE26A44-CAE1-3742-BA30-89C53D83ED72}"
	ProjectSection(ProjectDependencies) = postProject
		{8EEA8946-11D2-3A84-A32A-3D78F6DC4FFC} = {8EEA8946-11D2-3A84-A32A-3D78F6DC4FFC}
		{9BA43076-D83B-3266-ABF0-8B1FC7FF7C33} = {9BA43076-D83B-3266-ABF0-8B1FC7FF7C33}
	EndProjectSection
EndProject
Project("{8BC9CEB8-8B4A-11D0-8D11-00A0C91BC942}") = "empty", "tests\empty.vcxproj", "{68446DCB-BBB9-3818-A0FF-A215417E0856}"
	ProjectSection(ProjectDependencies) = postProject
		{8EEA8946-11D2-3A84-A32A-3D78F6DC4FFC} = {8EEA8946-11D2-3A84-A32A-3D78F6DC4FFC}
		{9BA43076-D83B-3266-ABF0-8B1FC7FF7C33} = {9BA43076-D83B-3266-ABF0-8B1FC7FF7C33}
	EndProjectSection
EndProject
Project("{8BC9CEB8-8B4A-11D0-8D11-00A0C91BC942}") = "events", "tests\events.vcxproj", "{1F54FD57-EE5A-3467-BEAC-A63E05ADF20A}"
	ProjectSection(ProjectDependencies) = postProject
		{8EEA8946-11D2-3A84-A32A-3D78F6DC4FFC} = {8EEA8946-11D2-3A84-A32A-3D78F6DC4FFC}
		{9BA43076-D83B-3266-ABF0-8B1FC7FF7C33} = {9BA43076-D83B-3266-ABF0-8B1FC7FF7C33}
	EndProjectSection
EndProject
Project("{8BC9CEB8-8B4A-11D0-8D11-00A0C91BC942}") = "gamma", "tests\gamma.vcxproj", "{1F6231EE-1165-30CF-B291-C04DE1AE0BBF}"
	ProjectSection(ProjectDependencies) = postProject
		{8EEA8946-11D2-3A84-A32A-3D78F6DC4FFC} = {8EEA8946-11D2-3A84-A32A-3D78F6DC4FFC}
		{9BA43076-D83B-3266-ABF0-8B1FC7FF7C33} = {9BA43076-D83B-3266-ABF0-8B1FC7FF7C33}
	EndProjectSection
EndProject
Project("{8BC9CEB8-8B4A-11D0-8D11-00A0C91BC942}") = "gears", "examples\gears.vcxproj", "{219EA2C3-92C4-3D5D-8365-B0ECC72FF2EB}"
	ProjectSection(ProjectDependencies) = postProject
		{8EEA8946-11D2-3A84-A32A-3D78F6DC4FFC} = {8EEA8946-11D2-3A84-A32A-3D78F6DC4FFC}
		{9BA43076-D83B-3266-ABF0-8B1FC7FF7C33} = {9BA43076-D83B-3266-ABF0-8B1FC7FF7C33}
	EndProjectSection
EndProject
Project("{8BC9CEB8-8B4A-11D0-8D11-00A0C91BC942}") = "glfw", "src\glfw.vcxproj", "{9BA43076-D83B-3266-ABF0-8B1FC7FF7C33}"
	ProjectSection(ProjectDependencies) = postProject
		{8EEA8946-11D2-3A84-A32A-3D78F6DC4FFC} = {8EEA8946-11D2-3A84-A32A-3D78F6DC4FFC}
	EndProjectSection
EndProject
Project("{8BC9CEB8-8B4A-11D0-8D11-00A0C91BC942}") = "glfwinfo", "tests\glfwinfo.vcxproj", "{8484087E-9AB4-3312-8C38-760BB4185FC6}"
	ProjectSection(ProjectDependencies) = postProject
		{8EEA8946-11D2-3A84-A32A-3D78F6DC4FFC} = {8EEA8946-11D2-3A84-A32A-3D78F6DC4FFC}
		{9BA43076-D83B-3266-ABF0-8B1FC7FF7C33} = {9BA43076-D83B-3266-ABF0-8B1FC7FF7C33}
	EndProjectSection
EndProject
Project("{8BC9CEB8-8B4A-11D0-8D11-00A0C91BC942}") = "heightmap", "examples\heightmap.vcxproj", "{36BA6ABC-021B-38F5-9EC4-8440693CB68B}"
	ProjectSection(ProjectDependencies) = postProject
		{8EEA8946-11D2-3A84-A32A-3D78F6DC4FFC} = {8EEA8946-11D2-3A84-A32A-3D78F6DC4FFC}
		{9BA43076-D83B-3266-ABF0-8B1FC7FF7C33} = {9BA43076-D83B-3266-ABF0-8B1FC7FF7C33}
	EndProjectSection
EndProject
Project("{8BC9CEB8-8B4A-11D0-8D11-00A0C91BC942}") = "icon", "tests\icon.vcxproj", "{449ABDDC-6BF2-3B16-BCA7-328849260BFD}"
	ProjectSection(ProjectDependencies) = postProject
		{8EEA8946-11D2-3A84-A32A-3D78F6DC4FFC} = {8EEA8946-11D2-3A84-A32A-3D78F6DC4FFC}
		{9BA43076-D83B-3266-ABF0-8B1FC7FF7C33} = {9BA43076-D83B-3266-ABF0-8B1FC7FF7C33}
	EndProjectSection
EndProject
Project("{8BC9CEB8-8B4A-11D0-8D11-00A0C91BC942}") = "iconify", "tests\iconify.vcxproj", "{201E4BDF-7960-342F-B74A-750BA34486A5}"
	ProjectSection(ProjectDependencies) = postProject
		{8EEA8946-11D2-3A84-A32A-3D78F6DC4FFC} = {8EEA8946-11D2-3A84-A32A-3D78F6DC4FFC}
		{9BA43076-D83B-3266-ABF0-8B1FC7FF7C33} = {9BA43076-D83B-3266-ABF0-8B1FC7FF7C33}
	EndProjectSection
EndProject
Project("{8BC9CEB8-8B4A-11D0-8D11-00A0C91BC942}") = "inputlag", "tests\inputlag.vcxproj", "{D9C5FCDF-504E-3383-81B8-36DBA1D427BF}"
	ProjectSection(ProjectDependencies) = postProject
		{8EEA8946-11D2-3A84-A32A-3D78F6DC4FFC} = {8EEA8946-11D2-3A84-A32A-3D78F6DC4FFC}
		{9BA43076-D83B-3266-ABF0-8B1FC7FF7C33} = {9BA43076-D83B-3266-ABF0-8B1FC7FF7C33}
	EndProjectSection
EndProject
Project("{8BC9CEB8-8B4A-11D0-8D11-00A0C91BC942}") = "joysticks", "tests\joysticks.vcxproj", "{AB75997C-CC55-3938-98D7-59C5522ACBF6}"
	ProjectSection(ProjectDependencies) = postProject
		{8EEA8946-11D2-3A84-A32A-3D78F6DC4FFC} = {8EEA8946-11D2-3A84-A32A-3D78F6DC4FFC}
		{9BA43076-D83B-3266-ABF0-8B1FC7FF7C33} = {9BA43076-D83B-3266-ABF0-8B1FC7FF7C33}
	EndProjectSection
EndProject
Project("{8BC9CEB8-8B4A-11D0-8D11-00A0C91BC942}") = "monitors", "tests\monitors.vcxproj", "{3541E91D-AA72-3B7B-8635-EFDD7E6EC597}"
	ProjectSection(ProjectDependencies) = postProject
		{8EEA8946-11D2-3A84-A32A-3D78F6DC4FFC} = {8EEA8946-11D2-3A84-A32A-3D78F6DC4FFC}
		{9BA43076-D83B-3266-ABF0-8B1FC7FF7C33} = {9BA43076-D83B-3266-ABF0-8B1FC7FF7C33}
	EndProjectSection
EndProject
Project("{8BC9CEB8-8B4A-11D0-8D11-00A0C91BC942}") = "msaa", "tests\msaa.vcxproj", "{A6808976-DEC9-37E0-BDE4-493BAE292688}"
	ProjectSection(ProjectDependencies) = postProject
		{8EEA8946-11D2-3A84-A32A-3D78F6DC4FFC} = {8EEA8946-11D2-3A84-A32A-3D78F6DC4FFC}
		{9BA43076-D83B-3266-ABF0-8B1FC7FF7C33} = {9BA43076-D83B-3266-ABF0-8B1FC7FF7C33}
	EndProjectSection
EndProject
Project("{8BC9CEB8-8B4A-11D0-8D11-00A0C91BC942}") = "offscreen", "examples\offscreen.vcxproj", "{0246BC7A-DBDD-39CB-A421-D87C52A3C4C7}"
	ProjectSection(ProjectDependencies) = postProject
		{8EEA8946-11D2-3A84-A32A-3D78F6DC4FFC} = {8EEA8946-11D2-3A84-A32A-3D78F6DC4FFC}
		{9BA43076-D83B-3266-ABF0-8B1FC7FF7C33} = {9BA43076-D83B-3266-ABF0-8B1FC7FF7C33}
	EndProjectSection
EndProject
Project("{8BC9CEB8-8B4A-11D0-8D11-00A0C91BC942}") = "opacity", "tests\opacity.vcxproj", "{38489B2D-20A8-33F6-BF73-09BDA54B1C2E}"
	ProjectSection(ProjectDependencies) = postProject
		{8EEA8946-11D2-3A84-A32A-3D78F6DC4FFC} = {8EEA8946-11D2-3A84-A32A-3D78F6DC4FFC}
		{9BA43076-D83B-3266-ABF0-8B1FC7FF7C33} = {9BA43076-D83B-3266-ABF0-8B1FC7FF7C33}
	EndProjectSection
EndProject
Project("{8BC9CEB8-8B4A-11D0-8D11-00A0C91BC942}") = "particles", "examples\particles.vcxproj", "{DD7A6C1F-0CAA-3761-9764-72381AAB7CDE}"
	ProjectSection(ProjectDependencies) = postProject
		{8EEA8946-11D2-3A84-A32A-3D78F6DC4FFC} = {8EEA8946-11D2-3A84-A32A-3D78F6DC4FFC}
		{9BA43076-D83B-3266-ABF0-8B1FC7FF7C33} = {9BA43076-D83B-3266-ABF0-8B1FC7FF7C33}
	EndProjectSection
EndProject
Project("{8BC9CEB8-8B4A-11D0-8D11-00A0C91BC942}") = "reopen", "tests\reopen.vcxproj", "{7513F65A-736B-3A86-9738-53780C9E04E5}"
	ProjectSection(ProjectDependencies) = postProject
		{8EEA8946-11D2-3A84-A32A-3D78F6DC4FFC} = {8EEA8946-11D2-3A84-A32A-3D78F6DC4FFC}
		{9BA43076-D83B-3266-ABF0-8B1FC7FF7C33} = {9BA43076-D83B-3266-ABF0-8B1FC7FF7C33}
	EndProjectSection
EndProject
Project("{8BC9CEB8-8B4A-11D0-8D11-00A0C91BC942}") = "sharing", "examples\sharing.vcxproj", "{45E53930-A8F4-3573-A620-E51E01B66617}"
	ProjectSection(ProjectDependencies) = postProject
		{8EEA8946-11D2-3A84-A32A-3D78F6DC4FFC} = {8EEA8946-11D2-3A84-A32A-3D78F6DC4FFC}
		{9BA43076-D83B-3266-ABF0-8B1FC7FF7C33} = {9BA43076-D83B-3266-ABF0-8B1FC7FF7C33}
	EndProjectSection
EndProject
Project("{8BC9CEB8-8B4A-11D0-8D11-00A0C91BC942}") = "simple", "examples\simple.vcxproj", "{3E3D1B5E-AE9D-319E-AF93-C4D239B02A90}"
	ProjectSection(ProjectDependencies) = postProject
		{8EEA8946-11D2-3A84-A32A-3D78F6DC4FFC} = {8EEA8946-11D2-3A84-A32A-3D78F6DC4FFC}
		{9BA43076-D83B-3266-ABF0-8B1FC7FF7C33} = {9BA43076-D83B-3266-ABF0-8B1FC7FF7C33}
	EndProjectSection
EndProject
Project("{8BC9CEB8-8B4A-11D0-8D11-00A0C91BC942}") = "splitview", "examples\splitview.vcxproj", "{F0006C5C-4952-396A-9296-249079963458}"
	ProjectSection(ProjectDependencies) = postProject
		{8EEA8946-11D2-3A84-A32A-3D78F6DC4FFC} = {8EEA8946-11D2-3A84-A32A-3D78F6DC4FFC}
		{9BA43076-D83B-3266-ABF0-8B1FC7FF7C33} = {9BA43076-D83B-3266-ABF0-8B1FC7FF7C33}
	EndProjectSection
EndProject
Project("{8BC9CEB8-8B4A-11D0-8D11-00A0C91BC942}") = "tearing", "tests\tearing.vcxproj", "{3530ADCA-6E66-3F2E-84C6-C2B2EB00BF7D}"
	ProjectSection(ProjectDependencies) = postProject
		{8EEA8946-11D2-3A84-A32A-3D78F6DC4FFC} = {8EEA8946-11D2-3A84-A32A-3D78F6DC4FFC}
		{9BA43076-D83B-3266-ABF0-8B1FC7FF7C33} = {9BA43076-D83B-3266-ABF0-8B1FC7FF7C33}
	EndProjectSection
EndProject
Project("{8BC9CEB8-8B4A-11D0-8D11-00A0C91BC942}") = "threads", "tests\threads.vcxproj", "{7431A3E0-FCEB-3BA0-83CC-2208703BF7AE}"
	ProjectSection(ProjectDependencies) = postProject
		{8EEA8946-11D2-3A84-A32A-3D78F6DC4FFC} = {8EEA8946-11D2-3A84-A32A-3D78F6DC4FFC}
		{9BA43076-D83B-3266-ABF0-8B1FC7FF7C33} = {9BA43076-D83B-3266-ABF0-8B1FC7FF7C33}
	EndProjectSection
EndProject
Project("{8BC9CEB8-8B4A-11D0-8D11-00A0C91BC942}") = "timeout", "tests\timeout.vcxproj", "{8EE8B450-1E35-310B-A888-63D32203F194}"
	ProjectSection(ProjectDependencies) = postProject
		{8EEA8946-11D2-3A84-A32A-3D78F6DC4FFC} = {8EEA8946-11D2-3A84-A32A-3D78F6DC4FFC}
		{9BA43076-D83B-3266-ABF0-8B1FC7FF7C33} = {9BA43076-D83B-3266-ABF0-8B1FC7FF7C33}
	EndProjectSection
EndProject
Project("{8BC9CEB8-8B4A-11D0-8D11-00A0C91BC942}") = "title", "tests\title.vcxproj", "{64BA65C3-5DC4-35BD-90E0-63AE599309EB}"
	ProjectSection(ProjectDependencies) = postProject
		{8EEA8946-11D2-3A84-A32A-3D78F6DC4FFC} = {8EEA8946-11D2-3A84-A32A-3D78F6DC4FFC}
		{9BA43076-D83B-3266-ABF0-8B1FC7FF7C33} = {9BA43076-D83B-3266-ABF0-8B1FC7FF7C33}
	EndProjectSection
EndProject
Project("{8BC9CEB8-8B4A-11D0-8D11-00A0C91BC942}") = "uninstall", "uninstall.vcxproj", "{4B79E7F9-C72E-3385-B2E0-1A16E66713C0}"
	ProjectSection(ProjectDependencies) = postProject
		{8EEA8946-11D2-3A84-A32A-3D78F6DC4FFC} = {8EEA8946-11D2-3A84-A32A-3D78F6DC4FFC}
	EndProjectSection
EndProject
Project("{8BC9CEB8-8B4A-11D0-8D11-00A0C91BC942}") = "vulkan", "tests\vulkan.vcxproj", "{CF133B96-D752-338E-8FE9-959AACAC9DDC}"
	ProjectSection(ProjectDependencies) = postProject
		{8EEA8946-11D2-3A84-A32A-3D78F6DC4FFC} = {8EEA8946-11D2-3A84-A32A-3D78F6DC4FFC}
		{9BA43076-D83B-3266-ABF0-8B1FC7FF7C33} = {9BA43076-D83B-3266-ABF0-8B1FC7FF7C33}
	EndProjectSection
EndProject
Project("{8BC9CEB8-8B4A-11D0-8D11-00A0C91BC942}") = "wave", "examples\wave.vcxproj", "{B0DE792F-7839-3CE8-9EC1-778C6C5C2894}"
	ProjectSection(ProjectDependencies) = postProject
		{8EEA8946-11D2-3A84-A32A-3D78F6DC4FFC} = {8EEA8946-11D2-3A84-A32A-3D78F6DC4FFC}
		{9BA43076-D83B-3266-ABF0-8B1FC7FF7C33} = {9BA43076-D83B-3266-ABF0-8B1FC7FF7C33}
	EndProjectSection
EndProject
Project("{8BC9CEB8-8B4A-11D0-8D11-00A0C91BC942}") = "windows", "tests\windows.vcxproj", "{FDF0C1D9-BA41-3C06-873F-DB84377E40B9}"
	ProjectSection(ProjectDependencies) = postProject
		{8EEA8946-11D2-3A84-A32A-3D78F6DC4FFC} = {8EEA8946-11D2-3A84-A32A-3D78F6DC4FFC}
		{9BA43076-D83B-3266-ABF0-8B1FC7FF7C33} = {9BA43076-D83B-3266-ABF0-8B1FC7FF7C33}
	EndProjectSection
EndProject
Global
	GlobalSection(SolutionConfigurationPlatforms) = preSolution
		Debug|Win32 = Debug|Win32
		Release|Win32 = Release|Win32
		MinSizeRel|Win32 = MinSizeRel|Win32
		RelWithDebInfo|Win32 = RelWithDebInfo|Win32
	EndGlobalSection
	GlobalSection(ProjectConfigurationPlatforms) = postSolution
		{88A7825C-F418-33BC-B8AE-425CB8722A0D}.Debug|Win32.ActiveCfg = Debug|Win32
		{88A7825C-F418-33BC-B8AE-425CB8722A0D}.Debug|Win32.Build.0 = Debug|Win32
		{88A7825C-F418-33BC-B8AE-425CB8722A0D}.Release|Win32.ActiveCfg = Release|Win32
		{88A7825C-F418-33BC-B8AE-425CB8722A0D}.Release|Win32.Build.0 = Release|Win32
		{88A7825C-F418-33BC-B8AE-425CB8722A0D}.MinSizeRel|Win32.ActiveCfg = MinSizeRel|Win32
		{88A7825C-F418-33BC-B8AE-425CB8722A0D}.MinSizeRel|Win32.Build.0 = MinSizeRel|Win32
		{88A7825C-F418-33BC-B8AE-425CB8722A0D}.RelWithDebInfo|Win32.ActiveCfg = RelWithDebInfo|Win32
		{88A7825C-F418-33BC-B8AE-425CB8722A0D}.RelWithDebInfo|Win32.Build.0 = RelWithDebInfo|Win32
		{D30E4931-ECD2-3122-9175-EE5D755BAD82}.Debug|Win32.ActiveCfg = Debug|Win32
		{D30E4931-ECD2-3122-9175-EE5D755BAD82}.Release|Win32.ActiveCfg = Release|Win32
		{D30E4931-ECD2-3122-9175-EE5D755BAD82}.MinSizeRel|Win32.ActiveCfg = MinSizeRel|Win32
		{D30E4931-ECD2-3122-9175-EE5D755BAD82}.RelWithDebInfo|Win32.ActiveCfg = RelWithDebInfo|Win32
		{8EEA8946-11D2-3A84-A32A-3D78F6DC4FFC}.Debug|Win32.ActiveCfg = Debug|Win32
		{8EEA8946-11D2-3A84-A32A-3D78F6DC4FFC}.Debug|Win32.Build.0 = Debug|Win32
		{8EEA8946-11D2-3A84-A32A-3D78F6DC4FFC}.Release|Win32.ActiveCfg = Release|Win32
		{8EEA8946-11D2-3A84-A32A-3D78F6DC4FFC}.Release|Win32.Build.0 = Release|Win32
		{8EEA8946-11D2-3A84-A32A-3D78F6DC4FFC}.MinSizeRel|Win32.ActiveCfg = MinSizeRel|Win32
		{8EEA8946-11D2-3A84-A32A-3D78F6DC4FFC}.MinSizeRel|Win32.Build.0 = MinSizeRel|Win32
		{8EEA8946-11D2-3A84-A32A-3D78F6DC4FFC}.RelWithDebInfo|Win32.ActiveCfg = RelWithDebInfo|Win32
		{8EEA8946-11D2-3A84-A32A-3D78F6DC4FFC}.RelWithDebInfo|Win32.Build.0 = RelWithDebInfo|Win32
		{71DAA1D1-3D80-3D7E-BC80-015954EEAFB8}.Debug|Win32.ActiveCfg = Debug|Win32
		{71DAA1D1-3D80-3D7E-BC80-015954EEAFB8}.Debug|Win32.Build.0 = Debug|Win32
		{71DAA1D1-3D80-3D7E-BC80-015954EEAFB8}.Release|Win32.ActiveCfg = Release|Win32
		{71DAA1D1-3D80-3D7E-BC80-015954EEAFB8}.Release|Win32.Build.0 = Release|Win32
		{71DAA1D1-3D80-3D7E-BC80-015954EEAFB8}.MinSizeRel|Win32.ActiveCfg = MinSizeRel|Win32
		{71DAA1D1-3D80-3D7E-BC80-015954EEAFB8}.MinSizeRel|Win32.Build.0 = MinSizeRel|Win32
		{71DAA1D1-3D80-3D7E-BC80-015954EEAFB8}.RelWithDebInfo|Win32.ActiveCfg = RelWithDebInfo|Win32
		{71DAA1D1-3D80-3D7E-BC80-015954EEAFB8}.RelWithDebInfo|Win32.Build.0 = RelWithDebInfo|Win32
		{76A28CE6-F191-3D56-9B2A-C8CE2D12A2AE}.Debug|Win32.ActiveCfg = Debug|Win32
		{76A28CE6-F191-3D56-9B2A-C8CE2D12A2AE}.Debug|Win32.Build.0 = Debug|Win32
		{76A28CE6-F191-3D56-9B2A-C8CE2D12A2AE}.Release|Win32.ActiveCfg = Release|Win32
		{76A28CE6-F191-3D56-9B2A-C8CE2D12A2AE}.Release|Win32.Build.0 = Release|Win32
		{76A28CE6-F191-3D56-9B2A-C8CE2D12A2AE}.MinSizeRel|Win32.ActiveCfg = MinSizeRel|Win32
		{76A28CE6-F191-3D56-9B2A-C8CE2D12A2AE}.MinSizeRel|Win32.Build.0 = MinSizeRel|Win32
		{76A28CE6-F191-3D56-9B2A-C8CE2D12A2AE}.RelWithDebInfo|Win32.ActiveCfg = RelWithDebInfo|Win32
		{76A28CE6-F191-3D56-9B2A-C8CE2D12A2AE}.RelWithDebInfo|Win32.Build.0 = RelWithDebInfo|Win32
		{8CE26A44-CAE1-3742-BA30-89C53D83ED72}.Debug|Win32.ActiveCfg = Debug|Win32
		{8CE26A44-CAE1-3742-BA30-89C53D83ED72}.Debug|Win32.Build.0 = Debug|Win32
		{8CE26A44-CAE1-3742-BA30-89C53D83ED72}.Release|Win32.ActiveCfg = Release|Win32
		{8CE26A44-CAE1-3742-BA30-89C53D83ED72}.Release|Win32.Build.0 = Release|Win32
		{8CE26A44-CAE1-3742-BA30-89C53D83ED72}.MinSizeRel|Win32.ActiveCfg = MinSizeRel|Win32
		{8CE26A44-CAE1-3742-BA30-89C53D83ED72}.MinSizeRel|Win32.Build.0 = MinSizeRel|Win32
		{8CE26A44-CAE1-3742-BA30-89C53D83ED72}.RelWithDebInfo|Win32.ActiveCfg = RelWithDebInfo|Win32
		{8CE26A44-CAE1-3742-BA30-89C53D83ED72}.RelWithDebInfo|Win32.Build.0 = RelWithDebInfo|Win32
		{68446DCB-BBB9-3818-A0FF-A215417E0856}.Debug|Win32.ActiveCfg = Debug|Win32
		{68446DCB-BBB9-3818-A0FF-A215417E0856}.Debug|Win32.Build.0 = Debug|Win32
		{68446DCB-BBB9-3818-A0FF-A215417E0856}.Release|Win32.ActiveCfg = Release|Win32
		{68446DCB-BBB9-3818-A0FF-A215417E0856}.Release|Win32.Build.0 = Release|Win32
		{68446DCB-BBB9-3818-A0FF-A215417E0856}.MinSizeRel|Win32.ActiveCfg = MinSizeRel|Win32
		{68446DCB-BBB9-3818-A0FF-A215417E0856}.MinSizeRel|Win32.Build.0 = MinSizeRel|Win32
		{68446DCB-BBB9-3818-A0FF-A215417E0856}.RelWithDebInfo|Win32.ActiveCfg = RelWithDebInfo|Win32
		{68446DCB-BBB9-3818-A0FF-A215417E0856}.RelWithDebInfo|Win32.Build.0 = RelWithDebInfo|Win32
		{1F54FD57-EE5A-3467-BEAC-A63E05ADF20A}.Debug|Win32.ActiveCfg = Debug|Win32
		{1F54FD57-EE5A-3467-BEAC-A63E05ADF20A}.Debug|Win32.Build.0 = Debug|Win32
		{1F54FD57-EE5A-3467-BEAC-A63E05ADF20A}.Release|Win32.ActiveCfg = Release|Win32
		{1F54FD57-EE5A-3467-BEAC-A63E05ADF20A}.Release|Win32.Build.0 = Release|Win32
		{1F54FD57-EE5A-3467-BEAC-A63E05ADF20A}.MinSizeRel|Win32.ActiveCfg = MinSizeRel|Win32
		{1F54FD57-EE5A-3467-BEAC-A63E05ADF20A}.MinSizeRel|Win32.Build.0 = MinSizeRel|Win32
		{1F54FD57-EE5A-3467-BEAC-A63E05ADF20A}.RelWithDebInfo|Win32.ActiveCfg = RelWithDebInfo|Win32
		{1F54FD57-EE5A-3467-BEAC-A63E05ADF20A}.RelWithDebInfo|Win32.Build.0 = RelWithDebInfo|Win32
		{1F6231EE-1165-30CF-B291-C04DE1AE0BBF}.Debug|Win32.ActiveCfg = Debug|Win32
		{1F6231EE-1165-30CF-B291-C04DE1AE0BBF}.Debug|Win32.Build.0 = Debug|Win32
		{1F6231EE-1165-30CF-B291-C04DE1AE0BBF}.Release|Win32.ActiveCfg = Release|Win32
		{1F6231EE-1165-30CF-B291-C04DE1AE0BBF}.Release|Win32.Build.0 = Release|Win32
		{1F6231EE-1165-30CF-B291-C04DE1AE0BBF}.MinSizeRel|Win32.ActiveCfg = MinSizeRel|Win32
		{1F6231EE-1165-30CF-B291-C04DE1AE0BBF}.MinSizeRel|Win32.Build.0 = MinSizeRel|Win32
		{1F6231EE-1165-30CF-B291-C04DE1AE0BBF}.RelWithDebInfo|Win32.ActiveCfg = RelWithDebInfo|Win32
		{1F6231EE-1165-30CF-B291-C04DE1AE0BBF}.RelWithDebInfo|Win32.Build.0 = RelWithDebInfo|Win32
		{219EA2C3-92C4-3D5D-8365-B0ECC72FF2EB}.Debug|Win32.ActiveCfg = Debug|Win32
		{219EA2C3-92C4-3D5D-8365-B0ECC72FF2EB}.Debug|Win32.Build.0 = Debug|Win32
		{219EA2C3-92C4-3D5D-8365-B0ECC72FF2EB}.Release|Win32.ActiveCfg = Release|Win32
		{219EA2C3-92C4-3D5D-8365-B0ECC72FF2EB}.Release|Win32.Build.0 = Release|Win32
		{219EA2C3-92C4-3D5D-8365-B0ECC72FF2EB}.MinSizeRel|Win32.ActiveCfg = MinSizeRel|Win32
		{219EA2C3-92C4-3D5D-8365-B0ECC72FF2EB}.MinSizeRel|Win32.Build.0 = MinSizeRel|Win32
		{219EA2C3-92C4-3D5D-8365-B0ECC72FF2EB}.RelWithDebInfo|Win32.ActiveCfg = RelWithDebInfo|Win32
		{219EA2C3-92C4-3D5D-8365-B0ECC72FF2EB}.RelWithDebInfo|Win32.Build.0 = RelWithDebInfo|Win32
		{9BA43076-D83B-3266-ABF0-8B1FC7FF7C33}.Debug|Win32.ActiveCfg = Debug|Win32
		{9BA43076-D83B-3266-ABF0-8B1FC7FF7C33}.Debug|Win32.Build.0 = Debug|Win32
		{9BA43076-D83B-3266-ABF0-8B1FC7FF7C33}.Release|Win32.ActiveCfg = Release|Win32
		{9BA43076-D83B-3266-ABF0-8B1FC7FF7C33}.Release|Win32.Build.0 = Release|Win32
		{9BA43076-D83B-3266-ABF0-8B1FC7FF7C33}.MinSizeRel|Win32.ActiveCfg = MinSizeRel|Win32
		{9BA43076-D83B-3266-ABF0-8B1FC7FF7C33}.MinSizeRel|Win32.Build.0 = MinSizeRel|Win32
		{9BA43076-D83B-3266-ABF0-8B1FC7FF7C33}.RelWithDebInfo|Win32.ActiveCfg = RelWithDebInfo|Win32
		{9BA43076-D83B-3266-ABF0-8B1FC7FF7C33}.RelWithDebInfo|Win32.Build.0 = RelWithDebInfo|Win32
		{8484087E-9AB4-3312-8C38-760BB4185FC6}.Debug|Win32.ActiveCfg = Debug|Win32
		{8484087E-9AB4-3312-8C38-760BB4185FC6}.Debug|Win32.Build.0 = Debug|Win32
		{8484087E-9AB4-3312-8C38-760BB4185FC6}.Release|Win32.ActiveCfg = Release|Win32
		{8484087E-9AB4-3312-8C38-760BB4185FC6}.Release|Win32.Build.0 = Release|Win32
		{8484087E-9AB4-3312-8C38-760BB4185FC6}.MinSizeRel|Win32.ActiveCfg = MinSizeRel|Win32
		{8484087E-9AB4-3312-8C38-760BB4185FC6}.MinSizeRel|Win32.Build.0 = MinSizeRel|Win32
		{8484087E-9AB4-3312-8C38-760BB4185FC6}.RelWithDebInfo|Win32.ActiveCfg = RelWithDebInfo|Win32
		{8484087E-9AB4-3312-8C38-760BB4185FC6}.RelWithDebInfo|Win32.Build.0 = RelWithDebInfo|Win32
		{36BA6ABC-021B-38F5-9EC4-8440693CB68B}.Debug|Win32.ActiveCfg = Debug|Win32
		{36BA6ABC-021B-38F5-9EC4-8440693CB68B}.Debug|Win32.Build.0 = Debug|Win32
		{36BA6ABC-021B-38F5-9EC4-8440693CB68B}.Release|Win32.ActiveCfg = Release|Win32
		{36BA6ABC-021B-38F5-9EC4-8440693CB68B}.Release|Win32.Build.0 = Release|Win32
		{36BA6ABC-021B-38F5-9EC4-8440693CB68B}.MinSizeRel|Win32.ActiveCfg = MinSizeRel|Win32
		{36BA6ABC-021B-38F5-9EC4-8440693CB68B}.MinSizeRel|Win32.Build.0 = MinSizeRel|Win32
		{36BA6ABC-021B-38F5-9EC4-8440693CB68B}.RelWithDebInfo|Win32.ActiveCfg = RelWithDebInfo|Win32
		{36BA6ABC-021B-38F5-9EC4-8440693CB68B}.RelWithDebInfo|Win32.Build.0 = RelWithDebInfo|Win32
		{449ABDDC-6BF2-3B16-BCA7-328849260BFD}.Debug|Win32.ActiveCfg = Debug|Win32
		{449ABDDC-6BF2-3B16-BCA7-328849260BFD}.Debug|Win32.Build.0 = Debug|Win32
		{449ABDDC-6BF2-3B16-BCA7-328849260BFD}.Release|Win32.ActiveCfg = Release|Win32
		{449ABDDC-6BF2-3B16-BCA7-328849260BFD}.Release|Win32.Build.0 = Release|Win32
		{449ABDDC-6BF2-3B16-BCA7-328849260BFD}.MinSizeRel|Win32.ActiveCfg = MinSizeRel|Win32
		{449ABDDC-6BF2-3B16-BCA7-328849260BFD}.MinSizeRel|Win32.Build.0 = MinSizeRel|Win32
		{449ABDDC-6BF2-3B16-BCA7-328849260BFD}.RelWithDebInfo|Win32.ActiveCfg = RelWithDebInfo|Win32
		{449ABDDC-6BF2-3B16-BCA7-328849260BFD}.RelWithDebInfo|Win32.Build.0 = RelWithDebInfo|Win32
		{201E4BDF-7960-342F-B74A-750BA34486A5}.Debug|Win32.ActiveCfg = Debug|Win32
		{201E4BDF-7960-342F-B74A-750BA34486A5}.Debug|Win32.Build.0 = Debug|Win32
		{201E4BDF-7960-342F-B74A-750BA34486A5}.Release|Win32.ActiveCfg = Release|Win32
		{201E4BDF-7960-342F-B74A-750BA34486A5}.Release|Win32.Build.0 = Release|Win32
		{201E4BDF-7960-342F-B74A-750BA34486A5}.MinSizeRel|Win32.ActiveCfg = MinSizeRel|Win32
		{201E4BDF-7960-342F-B74A-750BA34486A5}.MinSizeRel|Win32.Build.0 = MinSizeRel|Win32
		{201E4BDF-7960-342F-B74A-750BA34486A5}.RelWithDebInfo|Win32.ActiveCfg = RelWithDebInfo|Win32
		{201E4BDF-7960-342F-B74A-750BA34486A5}.RelWithDebInfo|Win32.Build.0 = RelWithDebInfo|Win32
		{D9C5FCDF-504E-3383-81B8-36DBA1D427BF}.Debug|Win32.ActiveCfg = Debug|Win32
		{D9C5FCDF-504E-3383-81B8-36DBA1D427BF}.Debug|Win32.Build.0 = Debug|Win32
		{D9C5FCDF-504E-3383-81B8-36DBA1D427BF}.Release|Win32.ActiveCfg = Release|Win32
		{D9C5FCDF-504E-3383-81B8-36DBA1D427BF}.Release|Win32.Build.0 = Release|Win32
		{D9C5FCDF-504E-3383-81B8-36DBA1D427BF}.MinSizeRel|Win32.ActiveCfg = MinSizeRel|Win32
		{D9C5FCDF-504E-3383-81B8-36DBA1D427BF}.MinSizeRel|Win32.Build.0 = MinSizeRel|Win32
		{D9C5FCDF-504E-3383-81B8-36DBA1D427BF}.RelWithDebInfo|Win32.ActiveCfg = RelWithDebInfo|Win32
		{D9C5FCDF-504E-3383-81B8-36DBA1D427BF}.RelWithDebInfo|Win32.Build.0 = RelWithDebInfo|Win32
		{AB75997C-CC55-3938-98D7-59C5522ACBF6}.Debug|Win32.ActiveCfg = Debug|Win32
		{AB75997C-CC55-3938-98D7-59C5522ACBF6}.Debug|Win32.Build.0 = Debug|Win32
		{AB75997C-CC55-3938-98D7-59C5522ACBF6}.Release|Win32.ActiveCfg = Release|Win32
		{AB75997C-CC55-3938-98D7-59C5522ACBF6}.Release|Win32.Build.0 = Release|Win32
		{AB75997C-CC55-3938-98D7-59C5522ACBF6}.MinSizeRel|Win32.ActiveCfg = MinSizeRel|Win32
		{AB75997C-CC55-3938-98D7-59C5522ACBF6}.MinSizeRel|Win32.Build.0 = MinSizeRel|Win32
		{AB75997C-CC55-3938-98D7-59C5522ACBF6}.RelWithDebInfo|Win32.ActiveCfg = RelWithDebInfo|Win32
		{AB75997C-CC55-3938-98D7-59C5522ACBF6}.RelWithDebInfo|Win32.Build.0 = RelWithDebInfo|Win32
		{3541E91D-AA72-3B7B-8635-EFDD7E6EC597}.Debug|Win32.ActiveCfg = Debug|Win32
		{3541E91D-AA72-3B7B-8635-EFDD7E6EC597}.Debug|Win32.Build.0 = Debug|Win32
		{3541E91D-AA72-3B7B-8635-EFDD7E6EC597}.Release|Win32.ActiveCfg = Release|Win32
		{3541E91D-AA72-3B7B-8635-EFDD7E6EC597}.Release|Win32.Build.0 = Release|Win32
		{3541E91D-AA72-3B7B-8635-EFDD7E6EC597}.MinSizeRel|Win32.ActiveCfg = MinSizeRel|Win32
		{3541E91D-AA72-3B7B-8635-EFDD7E6EC597}.MinSizeRel|Win32.Build.0 = MinSizeRel|Win32
		{3541E91D-AA72-3B7B-8635-EFDD7E6EC597}.RelWithDebInfo|Win32.ActiveCfg = RelWithDebInfo|Win32
		{3541E91D-AA72-3B7B-8635-EFDD7E6EC597}.RelWithDebInfo|Win32.Build.0 = RelWithDebInfo|Win32
		{A6808976-DEC9-37E0-BDE4-493BAE292688}.Debug|Win32.ActiveCfg = Debug|Win32
		{A6808976-DEC9-37E0-BDE4-493BAE292688}.Debug|Win32.Build.0 = Debug|Win32
		{A6808976-DEC9-37E0-BDE4-493BAE292688}.Release|Win32.ActiveCfg = Release|Win32
		{A6808976-DEC9-37E0-BDE4-493BAE292688}.Release|Win32.Build.0 = Release|Win32
		{A6808976-DEC9-37E0-BDE4-493BAE292688}.MinSizeRel|Win32.ActiveCfg = MinSizeRel|Win32
		{A6808976-DEC9-37E0-BDE4-493BAE292688}.MinSizeRel|Win32.Build.0 = MinSizeRel|Win32
		{A6808976-DEC9-37E0-BDE4-493BAE292688}.RelWithDebInfo|Win32.ActiveCfg = RelWithDebInfo|Win32
		{A6808976-DEC9-37E0-BDE4-493BAE292688}.RelWithDebInfo|Win32.Build.0 = RelWithDebInfo|Win32
		{0246BC7A-DBDD-39CB-A421-D87C52A3C4C7}.Debug|Win32.ActiveCfg = Debug|Win32
		{0246BC7A-DBDD-39CB-A421-D87C52A3C4C7}.Debug|Win32.Build.0 = Debug|Win32
		{0246BC7A-DBDD-39CB-A421-D87C52A3C4C7}.Release|Win32.ActiveCfg = Release|Win32
		{0246BC7A-DBDD-39CB-A421-D87C52A3C4C7}.Release|Win32.Build.0 = Release|Win32
		{0246BC7A-DBDD-39CB-A421-D87C52A3C4C7}.MinSizeRel|Win32.ActiveCfg = MinSizeRel|Win32
		{0246BC7A-DBDD-39CB-A421-D87C52A3C4C7}.MinSizeRel|Win32.Build.0 = MinSizeRel|Win32
		{0246BC7A-DBDD-39CB-A421-D87C52A3C4C7}.RelWithDebInfo|Win32.ActiveCfg = RelWithDebInfo|Win32
		{0246BC7A-DBDD-39CB-A421-D87C52A3C4C7}.RelWithDebInfo|Win32.Build.0 = RelWithDebInfo|Win32
		{38489B2D-20A8-33F6-BF73-09BDA54B1C2E}.Debug|Win32.ActiveCfg = Debug|Win32
		{38489B2D-20A8-33F6-BF73-09BDA54B1C2E}.Debug|Win32.Build.0 = Debug|Win32
		{38489B2D-20A8-33F6-BF73-09BDA54B1C2E}.Release|Win32.ActiveCfg = Release|Win32
		{38489B2D-20A8-33F6-BF73-09BDA54B1C2E}.Release|Win32.Build.0 = Release|Win32
		{38489B2D-20A8-33F6-BF73-09BDA54B1C2E}.MinSizeRel|Win32.ActiveCfg = MinSizeRel|Win32
		{38489B2D-20A8-33F6-BF73-09BDA54B1C2E}.MinSizeRel|Win32.Build.0 = MinSizeRel|Win32
		{38489B2D-20A8-33F6-BF73-09BDA54B1C2E}.RelWithDebInfo|Win32.ActiveCfg = RelWithDebInfo|Win32
		{38489B2D-20A8-33F6-BF73-09BDA54B1C2E}.RelWithDebInfo|Win32.Build.0 = RelWithDebInfo|Win32
		{DD7A6C1F-0CAA-3761-9764-72381AAB7CDE}.Debug|Win32.ActiveCfg = Debug|Win32
		{DD7A6C1F-0CAA-3761-9764-72381AAB7CDE}.Debug|Win32.Build.0 = Debug|Win32
		{DD7A6C1F-0CAA-3761-9764-72381AAB7CDE}.Release|Win32.ActiveCfg = Release|Win32
		{DD7A6C1F-0CAA-3761-9764-72381AAB7CDE}.Release|Win32.Build.0 = Release|Win32
		{DD7A6C1F-0CAA-3761-9764-72381AAB7CDE}.MinSizeRel|Win32.ActiveCfg = MinSizeRel|Win32
		{DD7A6C1F-0CAA-3761-9764-72381AAB7CDE}.MinSizeRel|Win32.Build.0 = MinSizeRel|Win32
		{DD7A6C1F-0CAA-3761-9764-72381AAB7CDE}.RelWithDebInfo|Win32.ActiveCfg = RelWithDebInfo|Win32
		{DD7A6C1F-0CAA-3761-9764-72381AAB7CDE}.RelWithDebInfo|Win32.Build.0 = RelWithDebInfo|Win32
		{7513F65A-736B-3A86-9738-53780C9E04E5}.Debug|Win32.ActiveCfg = Debug|Win32
		{7513F65A-736B-3A86-9738-53780C9E04E5}.Debug|Win32.Build.0 = Debug|Win32
		{7513F65A-736B-3A86-9738-53780C9E04E5}.Release|Win32.ActiveCfg = Release|Win32
		{7513F65A-736B-3A86-9738-53780C9E04E5}.Release|Win32.Build.0 = Release|Win32
		{7513F65A-736B-3A86-9738-53780C9E04E5}.MinSizeRel|Win32.ActiveCfg = MinSizeRel|Win32
		{7513F65A-736B-3A86-9738-53780C9E04E5}.MinSizeRel|Win32.Build.0 = MinSizeRel|Win32
		{7513F65A-736B-3A86-9738-53780C9E04E5}.RelWithDebInfo|Win32.ActiveCfg = RelWithDebInfo|Win32
		{7513F65A-736B-3A86-9738-53780C9E04E5}.RelWithDebInfo|Win32.Build.0 = RelWithDebInfo|Win32
		{45E53930-A8F4-3573-A620-E51E01B66617}.Debug|Win32.ActiveCfg = Debug|Win32
		{45E53930-A8F4-3573-A620-E51E01B66617}.Debug|Win32.Build.0 = Debug|Win32
		{45E53930-A8F4-3573-A620-E51E01B66617}.Release|Win32.ActiveCfg = Release|Win32
		{45E53930-A8F4-3573-A620-E51E01B66617}.Release|Win32.Build.0 = Release|Win32
		{45E53930-A8F4-3573-A620-E51E01B66617}.MinSizeRel|Win32.ActiveCfg = MinSizeRel|Win32
		{45E53930-A8F4-3573-A620-E51E01B66617}.MinSizeRel|Win32.Build.0 = MinSizeRel|Win32
		{45E53930-A8F4-3573-A620-E51E01B66617}.RelWithDebInfo|Win32.ActiveCfg = RelWithDebInfo|Win32
		{45E53930-A8F4-3573-A620-E51E01B66617}.RelWithDebInfo|Win32.Build.0 = RelWithDebInfo|Win32
		{3E3D1B5E-AE9D-319E-AF93-C4D239B02A90}.Debug|Win32.ActiveCfg = Debug|Win32
		{3E3D1B5E-AE9D-319E-AF93-C4D239B02A90}.Debug|Win32.Build.0 = Debug|Win32
		{3E3D1B5E-AE9D-319E-AF93-C4D239B02A90}.Release|Win32.ActiveCfg = Release|Win32
		{3E3D1B5E-AE9D-319E-AF93-C4D239B02A90}.Release|Win32.Build.0 = Release|Win32
		{3E3D1B5E-AE9D-319E-AF93-C4D239B02A90}.MinSizeRel|Win32.ActiveCfg = MinSizeRel|Win32
		{3E3D1B5E-AE9D-319E-AF93-C4D239B02A90}.MinSizeRel|Win32.Build.0 = MinSizeRel|Win32
		{3E3D1B5E-AE9D-319E-AF93-C4D239B02A90}.RelWithDebInfo|Win32.ActiveCfg = RelWithDebInfo|Win32
		{3E3D1B5E-AE9D-319E-AF93-C4D239B02A90}.RelWithDebInfo|Win32.Build.0 = RelWithDebInfo|Win32
		{F0006C5C-4952-396A-9296-249079963458}.Debug|Win32.ActiveCfg = Debug|Win32
		{F0006C5C-4952-396A-9296-249079963458}.Debug|Win32.Build.0 = Debug|Win32
		{F0006C5C-4952-396A-9296-249079963458}.Release|Win32.ActiveCfg = Release|Win32
		{F0006C5C-4952-396A-9296-249079963458}.Release|Win32.Build.0 = Release|Win32
		{F0006C5C-4952-396A-9296-249079963458}.MinSizeRel|Win32.ActiveCfg = MinSizeRel|Win32
		{F0006C5C-4952-396A-9296-249079963458}.MinSizeRel|Win32.Build.0 = MinSizeRel|Win32
		{F0006C5C-4952-396A-9296-249079963458}.RelWithDebInfo|Win32.ActiveCfg = RelWithDebInfo|Win32
		{F0006C5C-4952-396A-9296-249079963458}.RelWithDebInfo|Win32.Build.0 = RelWithDebInfo|Win32
		{3530ADCA-6E66-3F2E-84C6-C2B2EB00BF7D}.Debug|Win32.ActiveCfg = Debug|Win32
		{3530ADCA-6E66-3F2E-84C6-C2B2EB00BF7D}.Debug|Win32.Build.0 = Debug|Win32
		{3530ADCA-6E66-3F2E-84C6-C2B2EB00BF7D}.Release|Win32.ActiveCfg = Release|Win32
		{3530ADCA-6E66-3F2E-84C6-C2B2EB00BF7D}.Release|Win32.Build.0 = Release|Win32
		{3530ADCA-6E66-3F2E-84C6-C2B2EB00BF7D}.MinSizeRel|Win32.ActiveCfg = MinSizeRel|Win32
		{3530ADCA-6E66-3F2E-84C6-C2B2EB00BF7D}.MinSizeRel|Win32.Build.0 = MinSizeRel|Win32
		{3530ADCA-6E66-3F2E-84C6-C2B2EB00BF7D}.RelWithDebInfo|Win32.ActiveCfg = RelWithDebInfo|Win32
		{3530ADCA-6E66-3F2E-84C6-C2B2EB00BF7D}.RelWithDebInfo|Win32.Build.0 = RelWithDebInfo|Win32
		{7431A3E0-FCEB-3BA0-83CC-2208703BF7AE}.Debug|Win32.ActiveCfg = Debug|Win32
		{7431A3E0-FCEB-3BA0-83CC-2208703BF7AE}.Debug|Win32.Build.0 = Debug|Win32
		{7431A3E0-FCEB-3BA0-83CC-2208703BF7AE}.Release|Win32.ActiveCfg = Release|Win32
		{7431A3E0-FCEB-3BA0-83CC-2208703BF7AE}.Release|Win32.Build.0 = Release|Win32
		{7431A3E0-FCEB-3BA0-83CC-2208703BF7AE}.MinSizeRel|Win32.ActiveCfg = MinSizeRel|Win32
		{7431A3E0-FCEB-3BA0-83CC-2208703BF7AE}.MinSizeRel|Win32.Build.0 = MinSizeRel|Win32
		{7431A3E0-FCEB-3BA0-83CC-2208703BF7AE}.RelWithDebInfo|Win32.ActiveCfg = RelWithDebInfo|Win32
		{7431A3E0-FCEB-3BA0-83CC-2208703BF7AE}.RelWithDebInfo|Win32.Build.0 = RelWithDebInfo|Win32
		{8EE8B450-1E35-310B-A888-63D32203F194}.Debug|Win32.ActiveCfg = Debug|Win32
		{8EE8B450-1E35-310B-A888-63D32203F194}.Debug|Win32.Build.0 = Debug|Win32
		{8EE8B450-1E35-310B-A888-63D32203F194}.Release|Win32.ActiveCfg = Release|Win32
		{8EE8B450-1E35-310B-A888-63D32203F194}.Release|Win32.Build.0 = Release|Win32
		{8EE8B450-1E35-310B-A888-63D32203F194}.MinSizeRel|Win32.ActiveCfg = MinSizeRel|Win32
		{8EE8B450-1E35-310B-A888-63D32203F194}.MinSizeRel|Win32.Build.0 = MinSizeRel|Win32
		{8EE8B450-1E35-310B-A888-63D32203F194}.RelWithDebInfo|Win32.ActiveCfg = RelWithDebInfo|Win32
		{8EE8B450-1E35-310B-A888-63D32203F194}.RelWithDebInfo|Win32.Build.0 = RelWithDebInfo|Win32
		{64BA65C3-5DC4-35BD-90E0-63AE599309EB}.Debug|Win32.ActiveCfg = Debug|Win32
		{64BA65C3-5DC4-35BD-90E0-63AE599309EB}.Debug|Win32.Build.0 = Debug|Win32
		{64BA65C3-5DC4-35BD-90E0-63AE599309EB}.Release|Win32.ActiveCfg = Release|Win32
		{64BA65C3-5DC4-35BD-90E0-63AE599309EB}.Release|Win32.Build.0 = Release|Win32
		{64BA65C3-5DC4-35BD-90E0-63AE599309EB}.MinSizeRel|Win32.ActiveCfg = MinSizeRel|Win32
		{64BA65C3-5DC4-35BD-90E0-63AE599309EB}.MinSizeRel|Win32.Build.0 = MinSizeRel|Win32
		{64BA65C3-5DC4-35BD-90E0-63AE599309EB}.RelWithDebInfo|Win32.ActiveCfg = RelWithDebInfo|Win32
		{64BA65C3-5DC4-35BD-90E0-63AE599309EB}.RelWithDebInfo|Win32.Build.0 = RelWithDebInfo|Win32
		{4B79E7F9-C72E-3385-B2E0-1A16E66713C0}.Debug|Win32.ActiveCfg = Debug|Win32
		{4B79E7F9-C72E-3385-B2E0-1A16E66713C0}.Release|Win32.ActiveCfg = Release|Win32
		{4B79E7F9-C72E-3385-B2E0-1A16E66713C0}.MinSizeRel|Win32.ActiveCfg = MinSizeRel|Win32
		{4B79E7F9-C72E-3385-B2E0-1A16E66713C0}.RelWithDebInfo|Win32.ActiveCfg = RelWithDebInfo|Win32
		{CF133B96-D752-338E-8FE9-959AACAC9DDC}.Debug|Win32.ActiveCfg = Debug|Win32
		{CF133B96-D752-338E-8FE9-959AACAC9DDC}.Debug|Win32.Build.0 = Debug|Win32
		{CF133B96-D752-338E-8FE9-959AACAC9DDC}.Release|Win32.ActiveCfg = Release|Win32
		{CF133B96-D752-338E-8FE9-959AACAC9DDC}.Release|Win32.Build.0 = Release|Win32
		{CF133B96-D752-338E-8FE9-959AACAC9DDC}.MinSizeRel|Win32.ActiveCfg = MinSizeRel|Win32
		{CF133B96-D752-338E-8FE9-959AACAC9DDC}.MinSizeRel|Win32.Build.0 = MinSizeRel|Win32
		{CF133B96-D752-338E-8FE9-959AACAC9DDC}.RelWithDebInfo|Win32.ActiveCfg = RelWithDebInfo|Win32
		{CF133B96-D752-338E-8FE9-959AACAC9DDC}.RelWithDebInfo|Win32.Build.0 = RelWithDebInfo|Win32
		{B0DE792F-7839-3CE8-9EC1-778C6C5C2894}.Debug|Win32.ActiveCfg = Debug|Win32
		{B0DE792F-7839-3CE8-9EC1-778C6C5C2894}.Debug|Win32.Build.0 = Debug|Win32
		{B0DE792F-7839-3CE8-9EC1-778C6C5C2894}.Release|Win32.ActiveCfg = Release|Win32
		{B0DE792F-7839-3CE8-9EC1-778C6C5C2894}.Release|Win32.Build.0 = Release|Win32
		{B0DE792F-7839-3CE8-9EC1-778C6C5C2894}.MinSizeRel|Win32.ActiveCfg = MinSizeRel|Win32
		{B0DE792F-7839-3CE8-9EC1-778C6C5C2894}.MinSizeRel|Win32.Build.0 = MinSizeRel|Win32
		{B0DE792F-7839-3CE8-9EC1-778C6C5C2894}.RelWithDebInfo|Win32.ActiveCfg = RelWithDebInfo|Win32
		{B0DE792F-7839-3CE8-9EC1-778C6C5C2894}.RelWithDebInfo|Win32.Build.0 = RelWithDebInfo|Win32
		{FDF0C1D9-BA41-3C06-873F-DB84377E40B9}.Debug|Win32.ActiveCfg = Debug|Win32
		{FDF0C1D9-BA41-3C06-873F-DB84377E40B9}.Debug|Win32.Build.0 = Debug|Win32
		{FDF0C1D9-BA41-3C06-873F-DB84377E40B9}.Release|Win32.ActiveCfg = Release|Win32
		{FDF0C1D9-BA41-3C06-873F-DB84377E40B9}.Release|Win32.Build.0 = Release|Win32
		{FDF0C1D9-BA41-3C06-873F-DB84377E40B9}.MinSizeRel|Win32.ActiveCfg = MinSizeRel|Win32
		{FDF0C1D9-BA41-3C06-873F-DB84377E40B9}.MinSizeRel|Win32.Build.0 = MinSizeRel|Win32
		{FDF0C1D9-BA41-3C06-873F-DB84377E40B9}.RelWithDebInfo|Win32.ActiveCfg = RelWithDebInfo|Win32
		{FDF0C1D9-BA41-3C06-873F-DB84377E40B9}.RelWithDebInfo|Win32.Build.0 = RelWithDebInfo|Win32
	EndGlobalSection
	GlobalSection(NestedProjects) = preSolution
		{88A7825C-F418-33BC-B8AE-425CB8722A0D} = {9465A456-EF3A-3225-90FE-381C9CA0CA29}
		{D30E4931-ECD2-3122-9175-EE5D755BAD82} = {9465A456-EF3A-3225-90FE-381C9CA0CA29}
		{8EEA8946-11D2-3A84-A32A-3D78F6DC4FFC} = {9465A456-EF3A-3225-90FE-381C9CA0CA29}
		{C4A37EED-C068-33BB-9611-7A7DC56DA280} = {0C241C9B-D9C3-332F-8075-50302109F3B8}
		{ABEA9EA8-1C66-35B4-B6B0-E8EE38E98284} = {0C241C9B-D9C3-332F-8075-50302109F3B8}
		{9BA43076-D83B-3266-ABF0-8B1FC7FF7C33} = {0C241C9B-D9C3-332F-8075-50302109F3B8}
		{4B79E7F9-C72E-3385-B2E0-1A16E66713C0} = {0C241C9B-D9C3-332F-8075-50302109F3B8}
		{71DAA1D1-3D80-3D7E-BC80-015954EEAFB8} = {C4A37EED-C068-33BB-9611-7A7DC56DA280}
		{219EA2C3-92C4-3D5D-8365-B0ECC72FF2EB} = {C4A37EED-C068-33BB-9611-7A7DC56DA280}
		{36BA6ABC-021B-38F5-9EC4-8440693CB68B} = {C4A37EED-C068-33BB-9611-7A7DC56DA280}
		{0246BC7A-DBDD-39CB-A421-D87C52A3C4C7} = {C4A37EED-C068-33BB-9611-7A7DC56DA280}
		{DD7A6C1F-0CAA-3761-9764-72381AAB7CDE} = {C4A37EED-C068-33BB-9611-7A7DC56DA280}
		{45E53930-A8F4-3573-A620-E51E01B66617} = {C4A37EED-C068-33BB-9611-7A7DC56DA280}
		{3E3D1B5E-AE9D-319E-AF93-C4D239B02A90} = {C4A37EED-C068-33BB-9611-7A7DC56DA280}
		{F0006C5C-4952-396A-9296-249079963458} = {C4A37EED-C068-33BB-9611-7A7DC56DA280}
		{B0DE792F-7839-3CE8-9EC1-778C6C5C2894} = {C4A37EED-C068-33BB-9611-7A7DC56DA280}
		{76A28CE6-F191-3D56-9B2A-C8CE2D12A2AE} = {ABEA9EA8-1C66-35B4-B6B0-E8EE38E98284}
		{8CE26A44-CAE1-3742-BA30-89C53D83ED72} = {ABEA9EA8-1C66-35B4-B6B0-E8EE38E98284}
		{68446DCB-BBB9-3818-A0FF-A215417E0856} = {ABEA9EA8-1C66-35B4-B6B0-E8EE38E98284}
		{1F54FD57-EE5A-3467-BEAC-A63E05ADF20A} = {ABEA9EA8-1C66-35B4-B6B0-E8EE38E98284}
		{1F6231EE-1165-30CF-B291-C04DE1AE0BBF} = {ABEA9EA8-1C66-35B4-B6B0-E8EE38E98284}
		{8484087E-9AB4-3312-8C38-760BB4185FC6} = {ABEA9EA8-1C66-35B4-B6B0-E8EE38E98284}
		{449ABDDC-6BF2-3B16-BCA7-328849260BFD} = {ABEA9EA8-1C66-35B4-B6B0-E8EE38E98284}
		{201E4BDF-7960-342F-B74A-750BA34486A5} = {ABEA9EA8-1C66-35B4-B6B0-E8EE38E98284}
		{D9C5FCDF-504E-3383-81B8-36DBA1D427BF} = {ABEA9EA8-1C66-35B4-B6B0-E8EE38E98284}
		{AB75997C-CC55-3938-98D7-59C5522ACBF6} = {ABEA9EA8-1C66-35B4-B6B0-E8EE38E98284}
		{3541E91D-AA72-3B7B-8635-EFDD7E6EC597} = {ABEA9EA8-1C66-35B4-B6B0-E8EE38E98284}
		{A6808976-DEC9-37E0-BDE4-493BAE292688} = {ABEA9EA8-1C66-35B4-B6B0-E8EE38E98284}
		{38489B2D-20A8-33F6-BF73-09BDA54B1C2E} = {ABEA9EA8-1C66-35B4-B6B0-E8EE38E98284}
		{7513F65A-736B-3A86-9738-53780C9E04E5} = {ABEA9EA8-1C66-35B4-B6B0-E8EE38E98284}
		{3530ADCA-6E66-3F2E-84C6-C2B2EB00BF7D} = {ABEA9EA8-1C66-35B4-B6B0-E8EE38E98284}
		{7431A3E0-FCEB-3BA0-83CC-2208703BF7AE} = {ABEA9EA8-1C66-35B4-B6B0-E8EE38E98284}
		{8EE8B450-1E35-310B-A888-63D32203F194} = {ABEA9EA8-1C66-35B4-B6B0-E8EE38E98284}
		{64BA65C3-5DC4-35BD-90E0-63AE599309EB} = {ABEA9EA8-1C66-35B4-B6B0-E8EE38E98284}
		{CF133B96-D752-338E-8FE9-959AACAC9DDC} = {ABEA9EA8-1C66-35B4-B6B0-E8EE38E98284}
		{FDF0C1D9-BA41-3C06-873F-DB84377E40B9} = {ABEA9EA8-1C66-35B4-B6B0-E8EE38E98284}
	EndGlobalSection
	GlobalSection(ExtensibilityGlobals) = postSolution
		SolutionGuid = {505A674E-DB03-3D11-B955-987B38B06A6D}
	EndGlobalSection
	GlobalSection(ExtensibilityAddIns) = postSolution
	EndGlobalSection
EndGlobal
